<?xml version="1.0" encoding="utf-8"?>
<Project ToolsVersion="4.0" xmlns="http://schemas.microsoft.com/developer/msbuild/2003">
  <ItemGroup>
    <Filter Include="源文件">
      <UniqueIdentifier>{4FC737F1-C7A5-4376-A066-2A32D752A2FF}</UniqueIdentifier>
      <Extensions>cpp;c;cc;cxx;c++;cppm;ixx;def;odl;idl;hpj;bat;asm;asmx</Extensions>
    </Filter>
    <Filter Include="头文件">
      <UniqueIdentifier>{93995380-89BD-4b04-88EB-625FBE52EBFB}</UniqueIdentifier>
      <Extensions>h;hh;hpp;hxx;h++;hm;inl;inc;ipp;xsd</Extensions>
    </Filter>
    <Filter Include="资源文件">
      <UniqueIdentifier>{67DA6AB6-F800-4c08-8B7A-83BB121AAD01}</UniqueIdentifier>
      <Extensions>rc;ico;cur;bmp;dlg;rc2;rct;bin;rgs;gif;jpg;jpeg;jpe;resx;tiff;tif;png;wav;mfcribbon-ms</Extensions>
    </Filter>
    <Filter Include="头文件\Interface">
      <UniqueIdentifier>{5dc039b9-37c2-4659-a087-10e4eee9a548}</UniqueIdentifier>
    </Filter>
    <Filter Include="头文件\Version">
      <UniqueIdentifier>{d6fa7e00-1a47-43ba-9a7f-04efd0115e37}</UniqueIdentifier>
    </Filter>
    <Filter Include="头文件\Utilities">
      <UniqueIdentifier>{045264cb-a943-4588-b919-540e685c97bd}</UniqueIdentifier>
    </Filter>
    <Filter Include="源文件\Utilities">
      <UniqueIdentifier>{892a5be4-7441-4921-ac80-6be863e9b17c}</UniqueIdentifier>
    </Filter>
    <Filter Include="源文件\Version">
      <UniqueIdentifier>{fe15659c-e993-4cbb-b1db-3c92c0545454}</UniqueIdentifier>
    </Filter>
    <Filter Include="头文件\Definition">
      <UniqueIdentifier>{8778f776-6314-4a2a-84de-173e2c88ed65}</UniqueIdentifier>
    </Filter>
    <Filter Include="头文件\Handler">
      <UniqueIdentifier>{52c9935d-03ac-4422-9674-45c5b78d17dc}</UniqueIdentifier>
    </Filter>
    <Filter Include="源文件\Handler">
      <UniqueIdentifier>{a896afd4-74b2-4935-a93c-a918e4ba4c62}</UniqueIdentifier>
    </Filter>
    <Filter Include="头文件\Handler\Card">
      <UniqueIdentifier>{73ed2c39-3639-4db5-9163-4830d838c03d}</UniqueIdentifier>
    </Filter>
    <Filter Include="源文件\Handler\Card">
      <UniqueIdentifier>{2c1a5c30-f6a9-4422-89cf-afd7417070eb}</UniqueIdentifier>
    </Filter>
    <Filter Include="头文件\Handler\Game">
      <UniqueIdentifier>{29eec0b9-d4b6-4d0f-81c5-f3e40a873b95}</UniqueIdentifier>
    </Filter>
    <Filter Include="源文件\Handler\Game">
      <UniqueIdentifier>{ae955ce5-d212-4925-b545-f4ff97858209}</UniqueIdentifier>
    </Filter>
    <Filter Include="头文件\Handler\Deck">
      <UniqueIdentifier>{b48c8c8c-de3e-4474-a8f8-2419a9aaa4a2}</UniqueIdentifier>
    </Filter>
    <Filter Include="源文件\Handler\Deck">
      <UniqueIdentifier>{895bd2a1-70fd-475b-bd12-6a200561d425}</UniqueIdentifier>
    </Filter>
  </ItemGroup>
  <ItemGroup>
    <ClCompile Include="LLOCG-Core.cpp">
      <Filter>源文件</Filter>
    </ClCompile>
    <ClCompile Include="Version\Version.cpp">
      <Filter>源文件\Version</Filter>
    </ClCompile>
    <ClCompile Include="Handler\Card\CardBase.cpp">
      <Filter>源文件\Handler\Card</Filter>
    </ClCompile>
  </ItemGroup>
  <ItemGroup>
    <ClInclude Include="Interface\Interface.h">
      <Filter>头文件\Interface</Filter>
    </ClInclude>
    <ClInclude Include="Version\Version.h">
      <Filter>头文件\Version</Filter>
    </ClInclude>
    <ClInclude Include="Definition\Color.h">
      <Filter>头文件\Definition</Filter>
    </ClInclude>
    <ClInclude Include="Definition\Group.h">
      <Filter>头文件\Definition</Filter>
    </ClInclude>
    <ClInclude Include="Definition\Unit.h">
      <Filter>头文件\Definition</Filter>
    </ClInclude>
    <ClInclude Include="Definition\Field.h">
      <Filter>头文件\Definition</Filter>
    </ClInclude>
    <ClInclude Include="Definition\Phase.h">
      <Filter>头文件\Definition</Filter>
    </ClInclude>
    <ClInclude Include="Handler\Card\CardBase.h">
      <Filter>头文件\Handler\Card</Filter>
    </ClInclude>
    <ClInclude Include="Handler\Card\MemberCard.h">
      <Filter>头文件\Handler\Card</Filter>
    </ClInclude>
    <ClInclude Include="Handler\Card\LiveCard.h">
      <Filter>头文件\Handler\Card</Filter>
    </ClInclude>
    <ClInclude Include="Handler\Card\EnergyCard.h">
      <Filter>头文件\Handler\Card</Filter>
    </ClInclude>
    <ClInclude Include="Handler\Deck\Deck.h">
      <Filter>头文件\Handler\Deck</Filter>
    </ClInclude>
  </ItemGroup>
</Project>